
Microsoft Visual Studio Solution File, Format Version 12.00
# Visual Studio Version 17
VisualStudioVersion = 17.10.35122.118
MinimumVisualStudioVersion = 10.0.40219.1
Project("{FAE04EC0-301F-11D3-BF4B-00C04F79EFBC}") = "telefonkönyv", "telefonkönyv\telefonkönyv.csproj", "{832AE805-4CE5-4DCA-8D3E-B7FFCACA5D4D}"
EndProject
Global
	GlobalSection(SolutionConfigurationPlatforms) = preSolution
		Debug|Any CPU = Debug|Any CPU
		Release|Any CPU = Release|Any CPU
	EndGlobalSection
	GlobalSection(ProjectConfigurationPlatforms) = postSolution
		{832AE805-4CE5-4DCA-8D3E-B7FFCACA5D4D}.Debug|Any CPU.ActiveCfg = Debug|Any CPU
		{832AE805-4CE5-4DCA-8D3E-B7FFCACA5D4D}.Debug|Any CPU.Build.0 = Debug|Any CPU
		{832AE805-4CE5-4DCA-8D3E-B7FFCACA5D4D}.Release|Any CPU.ActiveCfg = Release|Any CPU
		{832AE805-4CE5-4DCA-8D3E-B7FFCACA5D4D}.Release|Any CPU.Build.0 = Release|Any CPU
	EndGlobalSection
	GlobalSection(SolutionProperties) = preSolution
		HideSolutionNode = FALSE
	EndGlobalSection
	GlobalSection(ExtensibilityGlobals) = postSolution
		SolutionGuid = {C9C29842-1D68-48F4-AD6D-4DA2D3D314CE}
	EndGlobalSection
EndGlobal
