
Microsoft Visual Studio Solution File, Format Version 12.00
# Visual Studio Version 17
VisualStudioVersion = 17.10.35122.118
MinimumVisualStudioVersion = 10.0.40219.1
Project("{FAE04EC0-301F-11D3-BF4B-00C04F79EFBC}") = "Sajat", "Sajat\Sajat.csproj", "{FD2A43B3-FA2D-41D9-991F-DFEE3E9D291F}"
EndProject
Global
	GlobalSection(SolutionConfigurationPlatforms) = preSolution
		Debug|Any CPU = Debug|Any CPU
		Release|Any CPU = Release|Any CPU
	EndGlobalSection
	GlobalSection(ProjectConfigurationPlatforms) = postSolution
		{FD2A43B3-FA2D-41D9-991F-DFEE3E9D291F}.Debug|Any CPU.ActiveCfg = Debug|Any CPU
		{FD2A43B3-FA2D-41D9-991F-DFEE3E9D291F}.Debug|Any CPU.Build.0 = Debug|Any CPU
		{FD2A43B3-FA2D-41D9-991F-DFEE3E9D291F}.Release|Any CPU.ActiveCfg = Release|Any CPU
		{FD2A43B3-FA2D-41D9-991F-DFEE3E9D291F}.Release|Any CPU.Build.0 = Release|Any CPU
	EndGlobalSection
	GlobalSection(SolutionProperties) = preSolution
		HideSolutionNode = FALSE
	EndGlobalSection
	GlobalSection(ExtensibilityGlobals) = postSolution
		SolutionGuid = {83481B20-E9BC-4203-8E1E-DE3A7792DEF6}
	EndGlobalSection
EndGlobal
